hash: 55be2f9834146737a3d08e0cc51e914a35ff59411adcfebde7efcac4eff4dc68
updated: 2018-11-05T16:10:06.058212Z
imports:
- name: github.com/golang/protobuf
  version: 1918e1ff6ffd2be7bed0553df8650672c3bfe80d
  subpackages:
  - proto
- name: github.com/google/go-github
  version: f55b50f38167644bb7e4be03d9a2bde71d435239
  subpackages:
  - github
- name: github.com/google/go-querystring
  version: 44c6ddd0a2342c386950e880b658017258da92fc
  subpackages:
  - query
- name: golang.org/x/net
  version: c10e9556a7bc0e7c942242b606f0acf024ad5d6a
  subpackages:
  - context
  - context/ctxhttp
- name: golang.org/x/oauth2
  version: 232e45548389bd9357411a6922a07c5fd4068bda
  subpackages:
  - internal
- name: google.golang.org/appengine
  version: 4a4468ece617fc8205e99368fa2200e9d1fad421
  subpackages:
  - internal
  - internal/base
  - internal/datastore
  - internal/log
  - internal/remote_api
  - internal/urlfetch
  - urlfetch
testImports: []
